
Microsoft Visual Studio Solution File, Format Version 12.00
# Visual Studio Version 16
VisualStudioVersion = 16.0.29728.190
MinimumVisualStudioVersion = 10.0.40219.1
Project("{FAE04EC0-301F-11D3-BF4B-00C04F79EFBC}") = "Console_Beginer", "Console_Beginer\Console_Beginer.csproj", "{6A862D34-0C6B-412F-B33B-C4615D1E98CD}"
EndProject
Global
	GlobalSection(SolutionConfigurationPlatforms) = preSolution
		Debug|Any CPU = Debug|Any CPU
		Release|Any CPU = Release|Any CPU
	EndGlobalSection
	GlobalSection(ProjectConfigurationPlatforms) = postSolution
		{6A862D34-0C6B-412F-B33B-C4615D1E98CD}.Debug|Any CPU.ActiveCfg = Debug|Any CPU
		{6A862D34-0C6B-412F-B33B-C4615D1E98CD}.Debug|Any CPU.Build.0 = Debug|Any CPU
		{6A862D34-0C6B-412F-B33B-C4615D1E98CD}.Release|Any CPU.ActiveCfg = Release|Any CPU
		{6A862D34-0C6B-412F-B33B-C4615D1E98CD}.Release|Any CPU.Build.0 = Release|Any CPU
	EndGlobalSection
	GlobalSection(SolutionProperties) = preSolution
		HideSolutionNode = FALSE
	EndGlobalSection
	GlobalSection(ExtensibilityGlobals) = postSolution
		SolutionGuid = {A1E8A8E1-3C4A-470C-A78E-06C8DB1FD925}
	EndGlobalSection
EndGlobal
